<?xml version="1.0" encoding="utf-8"?>
<Project ToolsVersion="4.0" xmlns="http://schemas.microsoft.com/developer/msbuild/2003">
  <ItemGroup>
    <Filter Include="Source Files">
      <UniqueIdentifier>{4FC737F1-C7A5-4376-A066-2A32D752A2FF}</UniqueIdentifier>
      <Extensions>cpp;c;cc;cxx;c++;cppm;ixx;def;odl;idl;hpj;bat;asm;asmx</Extensions>
    </Filter>
    <Filter Include="Header Files">
      <UniqueIdentifier>{93995380-89BD-4b04-88EB-625FBE52EBFB}</UniqueIdentifier>
      <Extensions>h;hh;hpp;hxx;h++;hm;inl;inc;ipp;xsd</Extensions>
    </Filter>
    <Filter Include="Resource Files">
      <UniqueIdentifier>{67DA6AB6-F800-4c08-8B7A-83BB121AAD01}</UniqueIdentifier>
      <Extensions>rc;ico;cur;bmp;dlg;rc2;rct;bin;rgs;gif;jpg;jpeg;jpe;resx;tiff;tif;png;wav;mfcribbon-ms</Extensions>
    </Filter>
    <Filter Include="Test Source Files">
      <UniqueIdentifier>{71b15266-dc8b-44ba-b7b6-da2bcb5610a2}</UniqueIdentifier>
    </Filter>
    <Filter Include="Test Resource Files">
      <UniqueIdentifier>{a7651ab4-60af-4bfe-a2c3-794eca45d98a}</UniqueIdentifier>
    </Filter>
    <Filter Include="Header Files\Any">
      <UniqueIdentifier>{8709156e-c981-4cd8-91df-99afdc30f5af}</UniqueIdentifier>
    </Filter>
    <Filter Include="Header Files\Functions">
      <UniqueIdentifier>{39db5c18-ef1e-46aa-a0a8-aaae80f226a5}</UniqueIdentifier>
    </Filter>
    <Filter Include="Header Files\Struct">
      <UniqueIdentifier>{13ad5cda-2353-426c-a949-49de76da35fc}</UniqueIdentifier>
    </Filter>
    <Filter Include="Header Files\ViewGroupFactory">
      <UniqueIdentifier>{35cf5e2b-6932-4c8a-96b7-a15c9fd86493}</UniqueIdentifier>
    </Filter>
    <Filter Include="Source Files\Any">
      <UniqueIdentifier>{02a22eed-c24d-4029-bb51-e51a4ea42ebd}</UniqueIdentifier>
    </Filter>
    <Filter Include="Source Files\Functions">
      <UniqueIdentifier>{18e9e92f-57c2-426e-a0d7-4a1f1f44666e}</UniqueIdentifier>
    </Filter>
    <Filter Include="Source Files\ViewGroupFactory">
      <UniqueIdentifier>{386a40c1-52a5-4e4e-921e-1369ac9f03a6}</UniqueIdentifier>
    </Filter>
    <Filter Include="Test Source Files\Any">
      <UniqueIdentifier>{904cf034-29aa-4135-ae18-03932e7c01ef}</UniqueIdentifier>
    </Filter>
    <Filter Include="Test Source Files\Functions">
      <UniqueIdentifier>{9a84d049-c469-4ad0-9ef5-b03ad9c49303}</UniqueIdentifier>
    </Filter>
    <Filter Include="Test Resource Files\images">
      <UniqueIdentifier>{888a3a45-cf2d-442e-8d40-ea1e3832e045}</UniqueIdentifier>
    </Filter>
    <Filter Include="Test Resource Files\c">
      <UniqueIdentifier>{527f6c49-b367-450d-99b6-fdd96a24632b}</UniqueIdentifier>
    </Filter>
    <Filter Include="Test Resource Files\d">
      <UniqueIdentifier>{fac7952b-3434-4664-8b90-06ddd69b984e}</UniqueIdentifier>
    </Filter>
    <Filter Include="Test Resource Files\e">
      <UniqueIdentifier>{9ad97cbf-7959-461c-ba18-f1fe81914b50}</UniqueIdentifier>
    </Filter>
    <Filter Include="Test Resource Files\f">
      <UniqueIdentifier>{e0057477-cb1a-4d49-a232-8b7e287ff40b}</UniqueIdentifier>
    </Filter>
    <Filter Include="Test Resource Files\g">
      <UniqueIdentifier>{8a077950-1986-48a8-8dbe-23ba97f2e8fb}</UniqueIdentifier>
    </Filter>
    <Filter Include="Test Resource Files\h">
      <UniqueIdentifier>{eb6ca809-16a5-4c68-a61a-674d3c403aeb}</UniqueIdentifier>
    </Filter>
    <Filter Include="Test Resource Files\i">
      <UniqueIdentifier>{9cdc4c4a-4bef-4502-8cee-3d72670edd29}</UniqueIdentifier>
    </Filter>
  </ItemGroup>
  <ItemGroup>
    <ClInclude Include="src\main\Any\CommandLine.h">
      <Filter>Header Files\Any</Filter>
    </ClInclude>
    <ClInclude Include="src\main\Functions\util.h">
      <Filter>Header Files\Functions</Filter>
    </ClInclude>
    <ClInclude Include="src\main\ViewGroupFactory\TexturePackerViewGroupFactory.h">
      <Filter>Header Files\ViewGroupFactory</Filter>
    </ClInclude>
    <ClInclude Include="src\main\Struct\Sprite.h">
      <Filter>Header Files\Struct</Filter>
    </ClInclude>
    <ClInclude Include="src\main\Struct\SpriteRow.h">
      <Filter>Header Files\Struct</Filter>
    </ClInclude>
    <ClInclude Include="src\main\Any\constants.h">
      <Filter>Header Files\Any</Filter>
    </ClInclude>
    <ClInclude Include="src\main\texture_packer.h">
      <Filter>Header Files</Filter>
    </ClInclude>
  </ItemGroup>
  <ItemGroup>
    <ClCompile Include="src\main\Any\CommandLine.cpp">
      <Filter>Source Files\Any</Filter>
    </ClCompile>
    <ClCompile Include="src\main\Functions\main.cpp">
      <Filter>Source Files\Functions</Filter>
    </ClCompile>
    <ClCompile Include="src\main\Functions\util.cpp">
      <Filter>Source Files\Functions</Filter>
    </ClCompile>
    <ClCompile Include="src\main\ViewGroupFactory\TexturePackerViewGroupFactory.cpp">
      <Filter>Source Files\ViewGroupFactory</Filter>
    </ClCompile>
    <ClCompile Include="src\test\Any\CommandLine.test.cpp">
      <Filter>Test Source Files\Any</Filter>
    </ClCompile>
    <ClCompile Include="src\test\Functions\test.cpp">
      <Filter>Test Source Files\Functions</Filter>
    </ClCompile>
    <ClCompile Include="src\test\Functions\util.test.cpp">
      <Filter>Test Source Files\Functions</Filter>
    </ClCompile>
  </ItemGroup>
  <ItemGroup>
    <Image Include="res\main\favicon.png">
      <Filter>Resource Files</Filter>
    </Image>
    <Image Include="res\test\images\0.png">
      <Filter>Test Resource Files\images</Filter>
    </Image>
    <Image Include="res\test\images\1.png">
      <Filter>Test Resource Files\images</Filter>
    </Image>
    <Image Include="res\test\images\2.png">
      <Filter>Test Resource Files\images</Filter>
    </Image>
    <Image Include="res\test\images\3.png">
      <Filter>Test Resource Files\images</Filter>
    </Image>
    <Image Include="res\test\images\4.png">
      <Filter>Test Resource Files\images</Filter>
    </Image>
    <Image Include="res\test\images\5.png">
      <Filter>Test Resource Files\images</Filter>
    </Image>
    <Image Include="res\test\images\6.png">
      <Filter>Test Resource Files\images</Filter>
    </Image>
    <Image Include="res\test\images\7.png">
      <Filter>Test Resource Files\images</Filter>
    </Image>
    <Image Include="res\test\images\8.png">
      <Filter>Test Resource Files\images</Filter>
    </Image>
    <Image Include="res\test\images\9.png">
      <Filter>Test Resource Files\images</Filter>
    </Image>
    <Image Include="res\test\images\10.png">
      <Filter>Test Resource Files\images</Filter>
    </Image>
    <Image Include="res\test\images\11.png">
      <Filter>Test Resource Files\images</Filter>
    </Image>
    <Image Include="res\test\images\12.png">
      <Filter>Test Resource Files\images</Filter>
    </Image>
    <Image Include="res\test\images\13.png">
      <Filter>Test Resource Files\images</Filter>
    </Image>
    <Image Include="res\test\images\14.png">
      <Filter>Test Resource Files\images</Filter>
    </Image>
    <Image Include="res\test\images\15.png">
      <Filter>Test Resource Files\images</Filter>
    </Image>
    <Image Include="res\test\images\16.png">
      <Filter>Test Resource Files\images</Filter>
    </Image>
    <Image Include="res\test\images\17.png">
      <Filter>Test Resource Files\images</Filter>
    </Image>
    <Image Include="res\test\images\18.png">
      <Filter>Test Resource Files\images</Filter>
    </Image>
    <Image Include="res\test\images\19.png">
      <Filter>Test Resource Files\images</Filter>
    </Image>
    <Image Include="res\test\images\20.png">
      <Filter>Test Resource Files\images</Filter>
    </Image>
    <Image Include="res\test\images\21.png">
      <Filter>Test Resource Files\images</Filter>
    </Image>
    <Image Include="res\test\images\22.png">
      <Filter>Test Resource Files\images</Filter>
    </Image>
    <Image Include="res\test\images\23.png">
      <Filter>Test Resource Files\images</Filter>
    </Image>
    <Image Include="res\test\images\24.png">
      <Filter>Test Resource Files\images</Filter>
    </Image>
    <Image Include="res\test\images\25.png">
      <Filter>Test Resource Files\images</Filter>
    </Image>
    <Image Include="res\test\images\26.png">
      <Filter>Test Resource Files\images</Filter>
    </Image>
    <Image Include="res\test\images\27.png">
      <Filter>Test Resource Files\images</Filter>
    </Image>
    <Image Include="res\test\images\28.png">
      <Filter>Test Resource Files\images</Filter>
    </Image>
    <Image Include="res\test\images\29.png">
      <Filter>Test Resource Files\images</Filter>
    </Image>
    <Image Include="res\test\images\30.png">
      <Filter>Test Resource Files\images</Filter>
    </Image>
    <Image Include="res\test\images\31.png">
      <Filter>Test Resource Files\images</Filter>
    </Image>
    <Image Include="res\test\images\32.png">
      <Filter>Test Resource Files\images</Filter>
    </Image>
    <Image Include="res\test\images\33.png">
      <Filter>Test Resource Files\images</Filter>
    </Image>
    <Image Include="res\test\images\34.png">
      <Filter>Test Resource Files\images</Filter>
    </Image>
    <Image Include="res\test\images\35.png">
      <Filter>Test Resource Files\images</Filter>
    </Image>
    <Image Include="res\test\images\36.png">
      <Filter>Test Resource Files\images</Filter>
    </Image>
    <Image Include="res\test\images\37.png">
      <Filter>Test Resource Files\images</Filter>
    </Image>
    <Image Include="res\test\images\38.png">
      <Filter>Test Resource Files\images</Filter>
    </Image>
    <Image Include="res\test\images\39.png">
      <Filter>Test Resource Files\images</Filter>
    </Image>
    <Image Include="res\test\images\40.png">
      <Filter>Test Resource Files\images</Filter>
    </Image>
    <Image Include="res\test\images\41.png">
      <Filter>Test Resource Files\images</Filter>
    </Image>
    <Image Include="res\test\images\42.png">
      <Filter>Test Resource Files\images</Filter>
    </Image>
    <Image Include="res\test\images\43.png">
      <Filter>Test Resource Files\images</Filter>
    </Image>
    <Image Include="res\test\images\44.png">
      <Filter>Test Resource Files\images</Filter>
    </Image>
    <Image Include="res\test\images\45.png">
      <Filter>Test Resource Files\images</Filter>
    </Image>
    <Image Include="res\test\images\46.png">
      <Filter>Test Resource Files\images</Filter>
    </Image>
    <Image Include="res\test\images\47.png">
      <Filter>Test Resource Files\images</Filter>
    </Image>
    <Image Include="res\test\images\48.png">
      <Filter>Test Resource Files\images</Filter>
    </Image>
    <Image Include="res\test\images\49.png">
      <Filter>Test Resource Files\images</Filter>
    </Image>
    <Image Include="res\test\images\50.png">
      <Filter>Test Resource Files\images</Filter>
    </Image>
    <Image Include="res\test\images\51.png">
      <Filter>Test Resource Files\images</Filter>
    </Image>
    <Image Include="res\test\images\52.png">
      <Filter>Test Resource Files\images</Filter>
    </Image>
    <Image Include="res\test\images\53.png">
      <Filter>Test Resource Files\images</Filter>
    </Image>
    <Image Include="res\test\images\54.png">
      <Filter>Test Resource Files\images</Filter>
    </Image>
    <Image Include="res\test\images\55.png">
      <Filter>Test Resource Files\images</Filter>
    </Image>
    <Image Include="res\test\images\56.png">
      <Filter>Test Resource Files\images</Filter>
    </Image>
    <Image Include="res\test\images\57.png">
      <Filter>Test Resource Files\images</Filter>
    </Image>
    <Image Include="res\test\images\58.png">
      <Filter>Test Resource Files\images</Filter>
    </Image>
    <Image Include="res\test\images\59.png">
      <Filter>Test Resource Files\images</Filter>
    </Image>
    <Image Include="res\test\images\60.png">
      <Filter>Test Resource Files\images</Filter>
    </Image>
    <Image Include="res\test\images\61.png">
      <Filter>Test Resource Files\images</Filter>
    </Image>
    <Image Include="res\test\images\62.png">
      <Filter>Test Resource Files\images</Filter>
    </Image>
    <Image Include="res\test\images\63.png">
      <Filter>Test Resource Files\images</Filter>
    </Image>
    <Image Include="res\test\d\0.png">
      <Filter>Test Resource Files\d</Filter>
    </Image>
    <Image Include="res\test\e\0.png">
      <Filter>Test Resource Files\e</Filter>
    </Image>
    <Image Include="res\test\g\0.png">
      <Filter>Test Resource Files\g</Filter>
    </Image>
    <Image Include="res\test\g\1.png">
      <Filter>Test Resource Files\g</Filter>
    </Image>
    <Image Include="res\test\h\0.png">
      <Filter>Test Resource Files\h</Filter>
    </Image>
    <Image Include="res\test\h\1.png">
      <Filter>Test Resource Files\h</Filter>
    </Image>
    <Image Include="res\test\i\0.png">
      <Filter>Test Resource Files\i</Filter>
    </Image>
  </ItemGroup>
  <ItemGroup>
    <None Include="res\test\c\a">
      <Filter>Test Resource Files\c</Filter>
    </None>
    <None Include="res\test\e\a">
      <Filter>Test Resource Files\e</Filter>
    </None>
    <None Include="res\test\f\a">
      <Filter>Test Resource Files\f</Filter>
    </None>
    <None Include="res\test\f\b">
      <Filter>Test Resource Files\f</Filter>
    </None>
    <None Include="res\test\h\a">
      <Filter>Test Resource Files\h</Filter>
    </None>
    <None Include="res\test\i\a">
      <Filter>Test Resource Files\i</Filter>
    </None>
    <None Include="res\test\i\b">
      <Filter>Test Resource Files\i</Filter>
    </None>
  </ItemGroup>
</Project>